
Microsoft Visual Studio Solution File, Format Version 12.00
# Visual Studio 15
VisualStudioVersion = 15.0.28307.572
MinimumVisualStudioVersion = 10.0.40219.1
Project("{FAE04EC0-301F-11D3-BF4B-00C04F79EFBC}") = "APM_WorkingWithFiles", "APM_WorkingWithFiles\APM_WorkingWithFiles.csproj", "{9C14773F-E6AC-4BF9-9ED5-B494F3EAEBFA}"
EndProject
Global
	GlobalSection(SolutionConfigurationPlatforms) = preSolution
		Debug|Any CPU = Debug|Any CPU
		Release|Any CPU = Release|Any CPU
	EndGlobalSection
	GlobalSection(ProjectConfigurationPlatforms) = postSolution
		{9C14773F-E6AC-4BF9-9ED5-B494F3EAEBFA}.Debug|Any CPU.ActiveCfg = Debug|Any CPU
		{9C14773F-E6AC-4BF9-9ED5-B494F3EAEBFA}.Debug|Any CPU.Build.0 = Debug|Any CPU
		{9C14773F-E6AC-4BF9-9ED5-B494F3EAEBFA}.Release|Any CPU.ActiveCfg = Release|Any CPU
		{9C14773F-E6AC-4BF9-9ED5-B494F3EAEBFA}.Release|Any CPU.Build.0 = Release|Any CPU
	EndGlobalSection
	GlobalSection(SolutionProperties) = preSolution
		HideSolutionNode = FALSE
	EndGlobalSection
	GlobalSection(ExtensibilityGlobals) = postSolution
		SolutionGuid = {4731B65E-69E0-4937-B4D1-CC29DB207F86}
	EndGlobalSection
EndGlobal
